
Microsoft Visual Studio Solution File, Format Version 12.00
# Visual Studio Version 16
VisualStudioVersion = 25.0.1703.5
MinimumVisualStudioVersion = 10.0.40219.1
Project("{FAE04EC0-301F-11D3-BF4B-00C04F79EFBC}") = "Maui.FreakyView", "Maui.FreakyView\Maui.FreakyView.csproj", "{F2B1F0DA-FA21-4E31-A87A-0426FEF13C7F}"
EndProject
Global
	GlobalSection(SolutionConfigurationPlatforms) = preSolution
		Debug|Any CPU = Debug|Any CPU
		Release|Any CPU = Release|Any CPU
	EndGlobalSection
	GlobalSection(ProjectConfigurationPlatforms) = postSolution
		{F2B1F0DA-FA21-4E31-A87A-0426FEF13C7F}.Debug|Any CPU.ActiveCfg = Debug|Any CPU
		{F2B1F0DA-FA21-4E31-A87A-0426FEF13C7F}.Debug|Any CPU.Build.0 = Debug|Any CPU
		{F2B1F0DA-FA21-4E31-A87A-0426FEF13C7F}.Release|Any CPU.ActiveCfg = Release|Any CPU
		{F2B1F0DA-FA21-4E31-A87A-0426FEF13C7F}.Release|Any CPU.Build.0 = Release|Any CPU
	EndGlobalSection
	GlobalSection(SolutionProperties) = preSolution
		HideSolutionNode = FALSE
	EndGlobalSection
	GlobalSection(ExtensibilityGlobals) = postSolution
		SolutionGuid = {659A3351-46B1-4EC8-8E14-DC91C1D4EC5C}
	EndGlobalSection
EndGlobal
